# THIS IS AN AUTOGENERATED FILE. DO NOT EDIT THIS FILE DIRECTLY.
# yarn lockfile v1


"@types/node@^22.3.0":
  version "22.3.0"
  resolved "https://registry.npmmirror.com/@types/node/-/node-22.3.0.tgz#7f8da0e2b72c27c4f9bd3cb5ef805209d04d4f9e"
  integrity sha512-nrWpWVaDZuaVc5X84xJ0vNrLvomM205oQyLsRt7OHNZbSHslcWsvgFR7O7hire2ZonjLrWBbedmotmIlJDVd6g==
  dependencies:
    undici-types "~6.18.2"

undici-types@~6.18.2:
  version "6.18.2"
  resolved "https://registry.npmmirror.com/undici-types/-/undici-types-6.18.2.tgz#8b678cf939d4fc9ec56be3c68ed69c619dee28b0"
  integrity sha512-5ruQbENj95yDYJNS3TvcaxPMshV7aizdv/hWYjGIKoANWKjhWNBsr2YEuYZKodQulB1b8l7ILOuDQep3afowQQ==
